
Microsoft Visual Studio Solution File, Format Version 12.00
# Visual Studio 15
Project("{FAE04EC0-301F-11D3-BF4B-00C04F79EFBC}") = "Assembly-CSharp", "Assembly-CSharp.csproj", "{99E59A63-907C-0015-903D-7516FA516E0D}"
EndProject
Project("{FAE04EC0-301F-11D3-BF4B-00C04F79EFBC}") = "Assembly-CSharp-firstpass", "Assembly-CSharp-firstpass.csproj", "{7F8923F1-2CDE-3876-B7A6-5FB49077A424}"
EndProject
Project("{FAE04EC0-301F-11D3-BF4B-00C04F79EFBC}") = "Assembly-CSharp-Editor", "Assembly-CSharp-Editor.csproj", "{961CA598-F298-4930-3522-44EFB0E70567}"
EndProject
Project("{FAE04EC0-301F-11D3-BF4B-00C04F79EFBC}") = "Assembly-CSharp-Editor-firstpass", "Assembly-CSharp-Editor-firstpass.csproj", "{E2C66C1C-CB5A-7B2A-081C-D869372EF7D4}"
EndProject
Global
	GlobalSection(SolutionConfigurationPlatforms) = preSolution
		Debug|Any CPU = Debug|Any CPU
		Release|Any CPU = Release|Any CPU
	EndGlobalSection
	GlobalSection(ProjectConfigurationPlatforms) = postSolution
		{99E59A63-907C-0015-903D-7516FA516E0D}.Debug|Any CPU.ActiveCfg = Debug|Any CPU
		{99E59A63-907C-0015-903D-7516FA516E0D}.Debug|Any CPU.Build.0 = Debug|Any CPU
		{99E59A63-907C-0015-903D-7516FA516E0D}.Release|Any CPU.ActiveCfg = Release|Any CPU
		{99E59A63-907C-0015-903D-7516FA516E0D}.Release|Any CPU.Build.0 = Release|Any CPU
		{7F8923F1-2CDE-3876-B7A6-5FB49077A424}.Debug|Any CPU.ActiveCfg = Debug|Any CPU
		{7F8923F1-2CDE-3876-B7A6-5FB49077A424}.Debug|Any CPU.Build.0 = Debug|Any CPU
		{7F8923F1-2CDE-3876-B7A6-5FB49077A424}.Release|Any CPU.ActiveCfg = Release|Any CPU
		{7F8923F1-2CDE-3876-B7A6-5FB49077A424}.Release|Any CPU.Build.0 = Release|Any CPU
		{961CA598-F298-4930-3522-44EFB0E70567}.Debug|Any CPU.ActiveCfg = Debug|Any CPU
		{961CA598-F298-4930-3522-44EFB0E70567}.Debug|Any CPU.Build.0 = Debug|Any CPU
		{961CA598-F298-4930-3522-44EFB0E70567}.Release|Any CPU.ActiveCfg = Release|Any CPU
		{961CA598-F298-4930-3522-44EFB0E70567}.Release|Any CPU.Build.0 = Release|Any CPU
		{E2C66C1C-CB5A-7B2A-081C-D869372EF7D4}.Debug|Any CPU.ActiveCfg = Debug|Any CPU
		{E2C66C1C-CB5A-7B2A-081C-D869372EF7D4}.Debug|Any CPU.Build.0 = Debug|Any CPU
		{E2C66C1C-CB5A-7B2A-081C-D869372EF7D4}.Release|Any CPU.ActiveCfg = Release|Any CPU
		{E2C66C1C-CB5A-7B2A-081C-D869372EF7D4}.Release|Any CPU.Build.0 = Release|Any CPU
	EndGlobalSection
	GlobalSection(SolutionProperties) = preSolution
		HideSolutionNode = FALSE
	EndGlobalSection
EndGlobal
